
Microsoft Visual Studio Solution File, Format Version 12.00
Project("{FAE04EC0-301F-11D3-BF4B-00C04F79EFBC}") = "Decision and Iteration Statements", "Decision and Iteration Statements\Decision and Iteration Statements.csproj", "{B8E39221-A950-4E70-B7A0-6B1E5B40EF2F}"
EndProject
Global
	GlobalSection(SolutionConfigurationPlatforms) = preSolution
		Debug|Any CPU = Debug|Any CPU
		Release|Any CPU = Release|Any CPU
	EndGlobalSection
	GlobalSection(ProjectConfigurationPlatforms) = postSolution
		{B8E39221-A950-4E70-B7A0-6B1E5B40EF2F}.Debug|Any CPU.ActiveCfg = Debug|Any CPU
		{B8E39221-A950-4E70-B7A0-6B1E5B40EF2F}.Debug|Any CPU.Build.0 = Debug|Any CPU
		{B8E39221-A950-4E70-B7A0-6B1E5B40EF2F}.Release|Any CPU.ActiveCfg = Release|Any CPU
		{B8E39221-A950-4E70-B7A0-6B1E5B40EF2F}.Release|Any CPU.Build.0 = Release|Any CPU
	EndGlobalSection
EndGlobal
